
Microsoft Visual Studio Solution File, Format Version 12.00
Project("{FAE04EC0-301F-11D3-BF4B-00C04F79EFBC}") = "RMQ.Client.Abstractions", "RMQ.Client.Abstractions\RMQ.Client.Abstractions.csproj", "{332B031E-2AC1-4CC1-A320-79A3B50F75CA}"
EndProject
Project("{FAE04EC0-301F-11D3-BF4B-00C04F79EFBC}") = "RMQ.Client.DependencyInjection", "RMQ.Client.DependencyInjection\RMQ.Client.DependencyInjection.csproj", "{9979FEBF-377D-44B6-BDFA-DA1B20D979C2}"
EndProject
Project("{FAE04EC0-301F-11D3-BF4B-00C04F79EFBC}") = "RMQ.Client", "RMQ.Client\RMQ.Client.csproj", "{6FF1C715-D78F-4CB1-99A0-DD050E965BB8}"
EndProject
Project("{2150E333-8FDC-42A3-9474-1A3956D46DE8}") = "src", "src", "{042A1773-4B2B-4D52-A296-9A116CA2594C}"
EndProject
Project("{2150E333-8FDC-42A3-9474-1A3956D46DE8}") = "test", "test", "{38234C1F-494A-47D1-BABC-2CD3741A2D91}"
EndProject
Project("{FAE04EC0-301F-11D3-BF4B-00C04F79EFBC}") = "RMQ.Client.Tests", "RMQ.Client.Tests\RMQ.Client.Tests.csproj", "{819838F2-FBE8-4DD7-B93B-9A12EC22A5CE}"
EndProject
Project("{2150E333-8FDC-42A3-9474-1A3956D46DE8}") = "actions", "actions", "{1F255868-9EB6-4946-BFDB-E86C317E44D7}"
	ProjectSection(SolutionItems) = preProject
		..\.github\workflows\build.yml = ..\.github\workflows\build.yml
		..\.github\workflows\deploy-nuget.yml = ..\.github\workflows\deploy-nuget.yml
	EndProjectSection
EndProject
Project("{2150E333-8FDC-42A3-9474-1A3956D46DE8}") = "solution-items", "solution-items", "{2DBF3C07-9A1B-454C-976B-09F6685D8A0A}"
	ProjectSection(SolutionItems) = preProject
		Directory.Build.props = Directory.Build.props
		..\README.md = ..\README.md
	EndProjectSection
EndProject
Project("{FAE04EC0-301F-11D3-BF4B-00C04F79EFBC}") = "RMQ.Client.Rabbit", "RMQ.Client.Rabbit\RMQ.Client.Rabbit.csproj", "{52ED778B-D961-4550-9188-92BC6BCE695A}"
EndProject
Project("{FAE04EC0-301F-11D3-BF4B-00C04F79EFBC}") = "RMQ.Client.Rabbit.DependencyInjection", "RMQ.Client.Rabbit.DependencyInjection\RMQ.Client.Rabbit.DependencyInjection.csproj", "{3D56DD39-59EC-4DF9-A04A-507C789E9E39}"
EndProject
Global
	GlobalSection(SolutionConfigurationPlatforms) = preSolution
		Debug|Any CPU = Debug|Any CPU
		Release|Any CPU = Release|Any CPU
	EndGlobalSection
	GlobalSection(ProjectConfigurationPlatforms) = postSolution
		{332B031E-2AC1-4CC1-A320-79A3B50F75CA}.Debug|Any CPU.ActiveCfg = Debug|Any CPU
		{332B031E-2AC1-4CC1-A320-79A3B50F75CA}.Debug|Any CPU.Build.0 = Debug|Any CPU
		{332B031E-2AC1-4CC1-A320-79A3B50F75CA}.Release|Any CPU.ActiveCfg = Release|Any CPU
		{332B031E-2AC1-4CC1-A320-79A3B50F75CA}.Release|Any CPU.Build.0 = Release|Any CPU
		{9979FEBF-377D-44B6-BDFA-DA1B20D979C2}.Debug|Any CPU.ActiveCfg = Debug|Any CPU
		{9979FEBF-377D-44B6-BDFA-DA1B20D979C2}.Debug|Any CPU.Build.0 = Debug|Any CPU
		{9979FEBF-377D-44B6-BDFA-DA1B20D979C2}.Release|Any CPU.ActiveCfg = Release|Any CPU
		{9979FEBF-377D-44B6-BDFA-DA1B20D979C2}.Release|Any CPU.Build.0 = Release|Any CPU
		{6FF1C715-D78F-4CB1-99A0-DD050E965BB8}.Debug|Any CPU.ActiveCfg = Debug|Any CPU
		{6FF1C715-D78F-4CB1-99A0-DD050E965BB8}.Debug|Any CPU.Build.0 = Debug|Any CPU
		{6FF1C715-D78F-4CB1-99A0-DD050E965BB8}.Release|Any CPU.ActiveCfg = Release|Any CPU
		{6FF1C715-D78F-4CB1-99A0-DD050E965BB8}.Release|Any CPU.Build.0 = Release|Any CPU
		{819838F2-FBE8-4DD7-B93B-9A12EC22A5CE}.Debug|Any CPU.ActiveCfg = Debug|Any CPU
		{819838F2-FBE8-4DD7-B93B-9A12EC22A5CE}.Debug|Any CPU.Build.0 = Debug|Any CPU
		{819838F2-FBE8-4DD7-B93B-9A12EC22A5CE}.Release|Any CPU.ActiveCfg = Release|Any CPU
		{819838F2-FBE8-4DD7-B93B-9A12EC22A5CE}.Release|Any CPU.Build.0 = Release|Any CPU
		{52ED778B-D961-4550-9188-92BC6BCE695A}.Debug|Any CPU.ActiveCfg = Debug|Any CPU
		{52ED778B-D961-4550-9188-92BC6BCE695A}.Debug|Any CPU.Build.0 = Debug|Any CPU
		{52ED778B-D961-4550-9188-92BC6BCE695A}.Release|Any CPU.ActiveCfg = Release|Any CPU
		{52ED778B-D961-4550-9188-92BC6BCE695A}.Release|Any CPU.Build.0 = Release|Any CPU
		{3D56DD39-59EC-4DF9-A04A-507C789E9E39}.Debug|Any CPU.ActiveCfg = Debug|Any CPU
		{3D56DD39-59EC-4DF9-A04A-507C789E9E39}.Debug|Any CPU.Build.0 = Debug|Any CPU
		{3D56DD39-59EC-4DF9-A04A-507C789E9E39}.Release|Any CPU.ActiveCfg = Release|Any CPU
		{3D56DD39-59EC-4DF9-A04A-507C789E9E39}.Release|Any CPU.Build.0 = Release|Any CPU
	EndGlobalSection
	GlobalSection(NestedProjects) = preSolution
		{6FF1C715-D78F-4CB1-99A0-DD050E965BB8} = {042A1773-4B2B-4D52-A296-9A116CA2594C}
		{332B031E-2AC1-4CC1-A320-79A3B50F75CA} = {042A1773-4B2B-4D52-A296-9A116CA2594C}
		{9979FEBF-377D-44B6-BDFA-DA1B20D979C2} = {042A1773-4B2B-4D52-A296-9A116CA2594C}
		{819838F2-FBE8-4DD7-B93B-9A12EC22A5CE} = {38234C1F-494A-47D1-BABC-2CD3741A2D91}
		{52ED778B-D961-4550-9188-92BC6BCE695A} = {042A1773-4B2B-4D52-A296-9A116CA2594C}
		{3D56DD39-59EC-4DF9-A04A-507C789E9E39} = {042A1773-4B2B-4D52-A296-9A116CA2594C}
	EndGlobalSection
EndGlobal
